
Microsoft Visual Studio Solution File, Format Version 12.00
# Visual Studio Version 17
VisualStudioVersion = 17.9.34723.18
MinimumVisualStudioVersion = 10.0.40219.1
Project("{FAE04EC0-301F-11D3-BF4B-00C04F79EFBC}") = "Shortly.Client", "Shortly.Client\Shortly.Client.csproj", "{4FAC6929-0B8F-42F4-8F1B-73057B5D7542}"
EndProject
Project("{FAE04EC0-301F-11D3-BF4B-00C04F79EFBC}") = "Shortly.Redirect", "Shortly.Redirect\Shortly.Redirect.csproj", "{C2B4E330-2E6C-425E-8852-9E36E2271378}"
EndProject
Project("{FAE04EC0-301F-11D3-BF4B-00C04F79EFBC}") = "Shortly.Data", "Shortly.Data\Shortly.Data.csproj", "{7A36CB03-8E1B-4C07-9494-DBA7974B847C}"
EndProject
Global
	GlobalSection(SolutionConfigurationPlatforms) = preSolution
		Debug|Any CPU = Debug|Any CPU
		Release|Any CPU = Release|Any CPU
	EndGlobalSection
	GlobalSection(ProjectConfigurationPlatforms) = postSolution
		{4FAC6929-0B8F-42F4-8F1B-73057B5D7542}.Debug|Any CPU.ActiveCfg = Debug|Any CPU
		{4FAC6929-0B8F-42F4-8F1B-73057B5D7542}.Debug|Any CPU.Build.0 = Debug|Any CPU
		{4FAC6929-0B8F-42F4-8F1B-73057B5D7542}.Release|Any CPU.ActiveCfg = Release|Any CPU
		{4FAC6929-0B8F-42F4-8F1B-73057B5D7542}.Release|Any CPU.Build.0 = Release|Any CPU
		{C2B4E330-2E6C-425E-8852-9E36E2271378}.Debug|Any CPU.ActiveCfg = Debug|Any CPU
		{C2B4E330-2E6C-425E-8852-9E36E2271378}.Debug|Any CPU.Build.0 = Debug|Any CPU
		{C2B4E330-2E6C-425E-8852-9E36E2271378}.Release|Any CPU.ActiveCfg = Release|Any CPU
		{C2B4E330-2E6C-425E-8852-9E36E2271378}.Release|Any CPU.Build.0 = Release|Any CPU
		{7A36CB03-8E1B-4C07-9494-DBA7974B847C}.Debug|Any CPU.ActiveCfg = Debug|Any CPU
		{7A36CB03-8E1B-4C07-9494-DBA7974B847C}.Debug|Any CPU.Build.0 = Debug|Any CPU
		{7A36CB03-8E1B-4C07-9494-DBA7974B847C}.Release|Any CPU.ActiveCfg = Release|Any CPU
		{7A36CB03-8E1B-4C07-9494-DBA7974B847C}.Release|Any CPU.Build.0 = Release|Any CPU
	EndGlobalSection
	GlobalSection(SolutionProperties) = preSolution
		HideSolutionNode = FALSE
	EndGlobalSection
	GlobalSection(ExtensibilityGlobals) = postSolution
		SolutionGuid = {7A3872CA-9941-45A5-8E7F-61B35EB7592D}
	EndGlobalSection
EndGlobal
